{
  "name": "hashtable-vt",
  "version": "1.0.0",
  "lockfileVersion": 1,
  "requires": true,
  "dependencies": {
    "linmap-list-vt": {
      "version": "git+http://ubuntu-netfu:3000/randy.valis/ats-linmap-list-vt#6b60448b4fce02af1ce5a847dd9d865f196f3015",
      "from": "git+http://ubuntu-netfu:3000/randy.valis/ats-linmap-list-vt"
    }
  }
}
